
Microsoft Visual Studio Solution File, Format Version 12.00
# Visual Studio Version 17
VisualStudioVersion = 17.5.002.0
MinimumVisualStudioVersion = 10.0.40219.1
Project("{9A19103F-16F7-4668-BE54-9A1E7A4F7556}") = "Nomina Proyecto", "Nomina Proyecto.csproj", "{E68D1BAF-C765-40CA-B93C-12EB48E8438D}"
EndProject
Global
	GlobalSection(SolutionConfigurationPlatforms) = preSolution
		Debug|Any CPU = Debug|Any CPU
		Release|Any CPU = Release|Any CPU
	EndGlobalSection
	GlobalSection(ProjectConfigurationPlatforms) = postSolution
		{E68D1BAF-C765-40CA-B93C-12EB48E8438D}.Debug|Any CPU.ActiveCfg = Debug|Any CPU
		{E68D1BAF-C765-40CA-B93C-12EB48E8438D}.Debug|Any CPU.Build.0 = Debug|Any CPU
		{E68D1BAF-C765-40CA-B93C-12EB48E8438D}.Release|Any CPU.ActiveCfg = Release|Any CPU
		{E68D1BAF-C765-40CA-B93C-12EB48E8438D}.Release|Any CPU.Build.0 = Release|Any CPU
	EndGlobalSection
	GlobalSection(SolutionProperties) = preSolution
		HideSolutionNode = FALSE
	EndGlobalSection
	GlobalSection(ExtensibilityGlobals) = postSolution
		SolutionGuid = {7E68B097-A26C-43CE-822F-5D73E60CC179}
	EndGlobalSection
EndGlobal
